<?xml version="1.0" encoding="utf-8"?>
<Project ToolsVersion="4.0" xmlns="http://schemas.microsoft.com/developer/msbuild/2003">
  <ItemGroup>
    <Filter Include="Quelldateien">
      <UniqueIdentifier>{4FC737F1-C7A5-4376-A066-2A32D752A2FF}</UniqueIdentifier>
      <Extensions>cpp;c;cc;cxx;c++;cppm;ixx;def;odl;idl;hpj;bat;asm;asmx</Extensions>
    </Filter>
    <Filter Include="Headerdateien">
      <UniqueIdentifier>{93995380-89BD-4b04-88EB-625FBE52EBFB}</UniqueIdentifier>
      <Extensions>h;hh;hpp;hxx;h++;hm;inl;inc;ipp;xsd</Extensions>
    </Filter>
    <Filter Include="Ressourcendateien">
      <UniqueIdentifier>{67DA6AB6-F800-4c08-8B7A-83BB121AAD01}</UniqueIdentifier>
      <Extensions>rc;ico;cur;bmp;dlg;rc2;rct;bin;rgs;gif;jpg;jpeg;jpe;resx;tiff;tif;png;wav;mfcribbon-ms</Extensions>
    </Filter>
  </ItemGroup>
  <ItemGroup>
    <ClCompile Include="Mainframe.cpp">
      <Filter>Quelldateien</Filter>
    </ClCompile>
    <ClCompile Include="Taschenrechner.cpp">
      <Filter>Quelldateien</Filter>
    </ClCompile>
    <ClCompile Include="Witzbold.cpp">
      <Filter>Quelldateien</Filter>
    </ClCompile>
    <ClCompile Include="Sinndeslebens.cpp">
      <Filter>Quelldateien</Filter>
    </ClCompile>
    <ClCompile Include="Readme.cpp">
      <Filter>Quelldateien</Filter>
    </ClCompile>
    <ClCompile Include="Art.cpp">
      <Filter>Quelldateien</Filter>
    </ClCompile>
    <ClCompile Include="binary.cpp">
      <Filter>Quelldateien</Filter>
    </ClCompile>
    <ClCompile Include="Links.cpp">
      <Filter>Quelldateien</Filter>
    </ClCompile>
    <ClCompile Include="Snake.cpp">
      <Filter>Quelldateien</Filter>
    </ClCompile>
    <ClCompile Include="Notizbuch.cpp">
      <Filter>Quelldateien</Filter>
    </ClCompile>
    <ClCompile Include="pong.cpp">
      <Filter>Quelldateien</Filter>
    </ClCompile>
    <ClCompile Include="Caesar.cpp">
      <Filter>Quelldateien</Filter>
    </ClCompile>
    <ClCompile Include="Geschichte.cpp">
      <Filter>Quelldateien</Filter>
    </ClCompile>
    <ClCompile Include="Projektlinks.cpp">
      <Filter>Quelldateien</Filter>
    </ClCompile>
    <ClCompile Include="AILinks.cpp">
      <Filter>Quelldateien</Filter>
    </ClCompile>
    <ClCompile Include="OPLinks.cpp">
      <Filter>Quelldateien</Filter>
    </ClCompile>
    <ClCompile Include="NuLinks.cpp">
      <Filter>Quelldateien</Filter>
    </ClCompile>
    <ClCompile Include="Openlink.cpp">
      <Filter>Quelldateien</Filter>
    </ClCompile>
    <ClCompile Include="MrSmith.cpp">
      <Filter>Quelldateien</Filter>
    </ClCompile>
    <ClCompile Include="User.cpp">
      <Filter>Quelldateien</Filter>
    </ClCompile>
    <ClCompile Include="Code.cpp">
      <Filter>Quelldateien</Filter>
    </ClCompile>
    <ClCompile Include="HCode.cpp">
      <Filter>Quelldateien</Filter>
    </ClCompile>
    <ClCompile Include="ZCode.cpp">
      <Filter>Quelldateien</Filter>
    </ClCompile>
    <ClCompile Include="Helpdesk.cpp">
      <Filter>Quelldateien</Filter>
    </ClCompile>
    <ClCompile Include="Digital Clock.cpp">
      <Filter>Quelldateien</Filter>
    </ClCompile>
    <ClCompile Include="BeispielCode.cpp">
      <Filter>Quelldateien</Filter>
    </ClCompile>
    <ClCompile Include="Games.cpp">
      <Filter>Quelldateien</Filter>
    </ClCompile>
    <ClCompile Include="Life.cpp">
      <Filter>Quelldateien</Filter>
    </ClCompile>
    <ClCompile Include="Spaceinvader.cpp">
      <Filter>Quelldateien</Filter>
    </ClCompile>
    <ClCompile Include="BWL.cpp">
      <Filter>Quelldateien</Filter>
    </ClCompile>
    <ClCompile Include="Definitionen.cpp">
      <Filter>Quelldateien</Filter>
    </ClCompile>
    <ClCompile Include="BWLLink.cpp">
      <Filter>Quelldateien</Filter>
    </ClCompile>
    <ClCompile Include="Hardware.cpp">
      <Filter>Quelldateien</Filter>
    </ClCompile>
    <ClCompile Include="Bicalc.cpp">
      <Filter>Quelldateien</Filter>
    </ClCompile>
    <ClCompile Include="Wiki.cpp">
      <Filter>Quelldateien</Filter>
    </ClCompile>
    <ClCompile Include="Gesetze.cpp">
      <Filter>Quelldateien</Filter>
    </ClCompile>
    <ClCompile Include="sqlwiki.cpp">
      <Filter>Quelldateien</Filter>
    </ClCompile>
    <ClCompile Include="pcwiki.cpp">
      <Filter>Quelldateien</Filter>
    </ClCompile>
    <ClCompile Include="chess.cpp">
      <Filter>Quelldateien</Filter>
    </ClCompile>
    <ClCompile Include="infolink.cpp">
      <Filter>Quelldateien</Filter>
    </ClCompile>
    <ClCompile Include="Bitcalc.cpp">
      <Filter>Quelldateien</Filter>
    </ClCompile>
    <ClCompile Include="cmd.cpp">
      <Filter>Quelldateien</Filter>
    </ClCompile>
    <ClCompile Include="Optionen.cpp">
      <Filter>Quelldateien</Filter>
    </ClCompile>
    <ClCompile Include="Teil1.cpp">
      <Filter>Quelldateien</Filter>
    </ClCompile>
    <ClCompile Include="Python.cpp">
      <Filter>Quelldateien</Filter>
    </ClCompile>
    <ClCompile Include="Linux.cpp">
      <Filter>Quelldateien</Filter>
    </ClCompile>
    <ClCompile Include="Objekt.cpp">
      <Filter>Quelldateien</Filter>
    </ClCompile>
  </ItemGroup>
  <ItemGroup>
    <ClInclude Include="Taschenrechner.h">
      <Filter>Headerdateien</Filter>
    </ClInclude>
    <ClInclude Include="Art.h">
      <Filter>Headerdateien</Filter>
    </ClInclude>
    <ClInclude Include="Notizbuch.h">
      <Filter>Headerdateien</Filter>
    </ClInclude>
    <ClInclude Include="sinndeslebens.h">
      <Filter>Headerdateien</Filter>
    </ClInclude>
    <ClInclude Include="readme.h">
      <Filter>Headerdateien</Filter>
    </ClInclude>
    <ClInclude Include="Witzbold.h">
      <Filter>Headerdateien</Filter>
    </ClInclude>
    <ClInclude Include="binary.h">
      <Filter>Headerdateien</Filter>
    </ClInclude>
    <ClInclude Include="Links.h">
      <Filter>Headerdateien</Filter>
    </ClInclude>
    <ClInclude Include="pong.h">
      <Filter>Headerdateien</Filter>
    </ClInclude>
    <ClInclude Include="jason.hpp">
      <Filter>Headerdateien</Filter>
    </ClInclude>
    <ClInclude Include="curl.h">
      <Filter>Headerdateien</Filter>
    </ClInclude>
    <ClInclude Include="caesar.h">
      <Filter>Headerdateien</Filter>
    </ClInclude>
    <ClInclude Include="Geschichte.h">
      <Filter>Headerdateien</Filter>
    </ClInclude>
    <ClInclude Include="Openlink.h">
      <Filter>Headerdateien</Filter>
    </ClInclude>
    <ClInclude Include="Mainframe.h">
      <Filter>Headerdateien</Filter>
    </ClInclude>
    <ClInclude Include="MSmith.h">
      <Filter>Headerdateien</Filter>
    </ClInclude>
    <ClInclude Include="User.h">
      <Filter>Headerdateien</Filter>
    </ClInclude>
    <ClInclude Include="Code.h">
      <Filter>Headerdateien</Filter>
    </ClInclude>
    <ClInclude Include="Hcode.h">
      <Filter>Headerdateien</Filter>
    </ClInclude>
    <ClInclude Include="Zcode.h">
      <Filter>Headerdateien</Filter>
    </ClInclude>
    <ClInclude Include="BeispielCode.h">
      <Filter>Headerdateien</Filter>
    </ClInclude>
    <ClInclude Include="Games.h">
      <Filter>Headerdateien</Filter>
    </ClInclude>
    <ClInclude Include="BWL.h">
      <Filter>Headerdateien</Filter>
    </ClInclude>
    <ClInclude Include="Definitionen.h">
      <Filter>Headerdateien</Filter>
    </ClInclude>
    <ClInclude Include="Hardware.h">
      <Filter>Headerdateien</Filter>
    </ClInclude>
    <ClInclude Include="Bicalc.h">
      <Filter>Headerdateien</Filter>
    </ClInclude>
    <ClInclude Include="Wiki.h">
      <Filter>Headerdateien</Filter>
    </ClInclude>
    <ClInclude Include="Gesetze.h">
      <Filter>Headerdateien</Filter>
    </ClInclude>
    <ClInclude Include="Bitcalc.h">
      <Filter>Headerdateien</Filter>
    </ClInclude>
    <ClInclude Include="cmd.h">
      <Filter>Headerdateien</Filter>
    </ClInclude>
  </ItemGroup>
  <ItemGroup>
    <Text Include="notizbuch.txt">
      <Filter>Quelldateien</Filter>
    </Text>
    <Text Include="save.txt">
      <Filter>Quelldateien</Filter>
    </Text>
    <Text Include="config.txt">
      <Filter>Quelldateien</Filter>
    </Text>
    <Text Include="highscores.txt">
      <Filter>Quelldateien</Filter>
    </Text>
    <Text Include="pw.txt">
      <Filter>Quelldateien</Filter>
    </Text>
  </ItemGroup>
</Project>